
Microsoft Visual Studio Solution File, Format Version 12.00
# Visual Studio Version 17
VisualStudioVersion = 17.10.35027.167
MinimumVisualStudioVersion = 10.0.40219.1
Project("{FAE04EC0-301F-11D3-BF4B-00C04F79EFBC}") = "ControlaAiBack.API", "ControlaAiBack\ControlaAiBack.API.csproj", "{0A2109BB-4276-4508-93AA-3DF982AB6827}"
EndProject
Project("{FAE04EC0-301F-11D3-BF4B-00C04F79EFBC}") = "ControlaAiBack.Domain", "ControlaAiBack.Domain\ControlaAiBack.Domain.csproj", "{11AAE95C-4233-49D7-9DED-C442C37738D0}"
EndProject
Project("{FAE04EC0-301F-11D3-BF4B-00C04F79EFBC}") = "ControlaAiBack.Infra.Data", "ControlaAiBack.infra.Data\ControlaAiBack.Infra.Data.csproj", "{353D3E7D-AE45-4A20-8848-EDF56636D93A}"
EndProject
Project("{FAE04EC0-301F-11D3-BF4B-00C04F79EFBC}") = "ControlaAiBack.Infra.Ioc", "ControlaAiBack.Infra.Ioc\ControlaAiBack.Infra.Ioc.csproj", "{19121F11-0005-41FC-8D08-BFB58E498D0C}"
EndProject
Project("{FAE04EC0-301F-11D3-BF4B-00C04F79EFBC}") = "ControlaAiBack.Application", "ControlaAiBack.Application\ControlaAiBack.Application.csproj", "{D5195A27-7B40-4E12-9963-E9416723C0B5}"
EndProject
Global
	GlobalSection(SolutionConfigurationPlatforms) = preSolution
		Debug|Any CPU = Debug|Any CPU
		Release|Any CPU = Release|Any CPU
	EndGlobalSection
	GlobalSection(ProjectConfigurationPlatforms) = postSolution
		{0A2109BB-4276-4508-93AA-3DF982AB6827}.Debug|Any CPU.ActiveCfg = Debug|Any CPU
		{0A2109BB-4276-4508-93AA-3DF982AB6827}.Debug|Any CPU.Build.0 = Debug|Any CPU
		{0A2109BB-4276-4508-93AA-3DF982AB6827}.Release|Any CPU.ActiveCfg = Release|Any CPU
		{0A2109BB-4276-4508-93AA-3DF982AB6827}.Release|Any CPU.Build.0 = Release|Any CPU
		{11AAE95C-4233-49D7-9DED-C442C37738D0}.Debug|Any CPU.ActiveCfg = Debug|Any CPU
		{11AAE95C-4233-49D7-9DED-C442C37738D0}.Debug|Any CPU.Build.0 = Debug|Any CPU
		{11AAE95C-4233-49D7-9DED-C442C37738D0}.Release|Any CPU.ActiveCfg = Release|Any CPU
		{11AAE95C-4233-49D7-9DED-C442C37738D0}.Release|Any CPU.Build.0 = Release|Any CPU
		{353D3E7D-AE45-4A20-8848-EDF56636D93A}.Debug|Any CPU.ActiveCfg = Debug|Any CPU
		{353D3E7D-AE45-4A20-8848-EDF56636D93A}.Debug|Any CPU.Build.0 = Debug|Any CPU
		{353D3E7D-AE45-4A20-8848-EDF56636D93A}.Release|Any CPU.ActiveCfg = Release|Any CPU
		{353D3E7D-AE45-4A20-8848-EDF56636D93A}.Release|Any CPU.Build.0 = Release|Any CPU
		{19121F11-0005-41FC-8D08-BFB58E498D0C}.Debug|Any CPU.ActiveCfg = Debug|Any CPU
		{19121F11-0005-41FC-8D08-BFB58E498D0C}.Debug|Any CPU.Build.0 = Debug|Any CPU
		{19121F11-0005-41FC-8D08-BFB58E498D0C}.Release|Any CPU.ActiveCfg = Release|Any CPU
		{19121F11-0005-41FC-8D08-BFB58E498D0C}.Release|Any CPU.Build.0 = Release|Any CPU
		{D5195A27-7B40-4E12-9963-E9416723C0B5}.Debug|Any CPU.ActiveCfg = Debug|Any CPU
		{D5195A27-7B40-4E12-9963-E9416723C0B5}.Debug|Any CPU.Build.0 = Debug|Any CPU
		{D5195A27-7B40-4E12-9963-E9416723C0B5}.Release|Any CPU.ActiveCfg = Release|Any CPU
		{D5195A27-7B40-4E12-9963-E9416723C0B5}.Release|Any CPU.Build.0 = Release|Any CPU
	EndGlobalSection
	GlobalSection(SolutionProperties) = preSolution
		HideSolutionNode = FALSE
	EndGlobalSection
	GlobalSection(ExtensibilityGlobals) = postSolution
		SolutionGuid = {7FBFCE9A-78AB-4023-AE2C-91432D9BE48B}
	EndGlobalSection
EndGlobal
